// !$*UTF8*$!
{
	archiveVersion = 1;
	classes = {
	};
	objectVersion = 56;
	objects = {

/* Begin PBXBuildFile section */
		0E4B44532C2F00BF00F4E0DD /* AppDelegate.swift in Sources */ = {isa = PBXBuildFile; fileRef = 0E4B44522C2F00BF00F4E0DD /* AppDelegate.swift */; };
		0E4B44552C2F00BF00F4E0DD /* SceneDelegate.swift in Sources */ = {isa = PBXBuildFile; fileRef = 0E4B44542C2F00BF00F4E0DD /* SceneDelegate.swift */; };
		0E4B44572C2F00BF00F4E0DD /* SplashScreenViewController.swift in Sources */ = {isa = PBXBuildFile; fileRef = 0E4B44562C2F00BF00F4E0DD /* SplashScreenViewController.swift */; };
		0E4B445A2C2F00BF00F4E0DD /* Main.storyboard in Resources */ = {isa = PBXBuildFile; fileRef = 0E4B44582C2F00BF00F4E0DD /* Main.storyboard */; };
		0E4B445C2C2F00C300F4E0DD /* Assets.xcassets in Resources */ = {isa = PBXBuildFile; fileRef = 0E4B445B2C2F00C300F4E0DD /* Assets.xcassets */; };
		0E4B445F2C2F00C300F4E0DD /* LaunchScreen.storyboard in Resources */ = {isa = PBXBuildFile; fileRef = 0E4B445D2C2F00C300F4E0DD /* LaunchScreen.storyboard */; };
		0ED378F62C2F045C00D05B0A /* SplashScreenViewModel.swift in Sources */ = {isa = PBXBuildFile; fileRef = 0ED378F52C2F045C00D05B0A /* SplashScreenViewModel.swift */; };
		0ED378FB2C2F063200D05B0A /* InitialViewController.swift in Sources */ = {isa = PBXBuildFile; fileRef = 0ED378FA2C2F063200D05B0A /* InitialViewController.swift */; };
		0ED379022C2F0BBE00D05B0A /* InitialScreenViewModel.swift in Sources */ = {isa = PBXBuildFile; fileRef = 0ED379012C2F0BBE00D05B0A /* InitialScreenViewModel.swift */; };
		0ED379042C2F0BE400D05B0A /* InitialScreenModel.swift in Sources */ = {isa = PBXBuildFile; fileRef = 0ED379032C2F0BE400D05B0A /* InitialScreenModel.swift */; };
		6EC863EB2C5B639F0092E35A /* MovieTableViewCell.xib in Resources */ = {isa = PBXBuildFile; fileRef = 6EC863EA2C5B639F0092E35A /* MovieTableViewCell.xib */; };
		6EC863EC2C5B639F0092E35A /* MovieTableViewCell.swift in Sources */ = {isa = PBXBuildFile; fileRef = 6EC863E92C5B639F0092E35A /* MovieTableViewCell.swift */; };
		6EC863EE2C5B69590092E35A /* MovieDetailViewController.swift in Sources */ = {isa = PBXBuildFile; fileRef = 6EC863ED2C5B69590092E35A /* MovieDetailViewController.swift */; };
		6EC863F12C5B6FD80092E35A /* MovieCollectionViewCell.xib in Resources */ = {isa = PBXBuildFile; fileRef = 6EC863F02C5B6FD80092E35A /* MovieCollectionViewCell.xib */; };
		6EC863F22C5B6FD80092E35A /* MovieCollectionViewCell.swift in Sources */ = {isa = PBXBuildFile; fileRef = 6EC863EF2C5B6FD80092E35A /* MovieCollectionViewCell.swift */; };
/* End PBXBuildFile section */

/* Begin PBXFileReference section */
		0E4B444F2C2F00BF00F4E0DD /* WisdomLeafAssignment.app */ = {isa = PBXFileReference; explicitFileType = wrapper.application; includeInIndex = 0; path = WisdomLeafAssignment.app; sourceTree = BUILT_PRODUCTS_DIR; };
		0E4B44522C2F00BF00F4E0DD /* AppDelegate.swift */ = {isa = PBXFileReference; lastKnownFileType = sourcecode.swift; path = AppDelegate.swift; sourceTree = "<group>"; };
		0E4B44542C2F00BF00F4E0DD /* SceneDelegate.swift */ = {isa = PBXFileReference; lastKnownFileType = sourcecode.swift; path = SceneDelegate.swift; sourceTree = "<group>"; };
		0E4B44562C2F00BF00F4E0DD /* SplashScreenViewController.swift */ = {isa = PBXFileReference; lastKnownFileType = sourcecode.swift; path = SplashScreenViewController.swift; sourceTree = "<group>"; };
		0E4B44592C2F00BF00F4E0DD /* Base */ = {isa = PBXFileReference; lastKnownFileType = file.storyboard; name = Base; path = Base.lproj/Main.storyboard; sourceTree = "<group>"; };
		0E4B445B2C2F00C300F4E0DD /* Assets.xcassets */ = {isa = PBXFileReference; lastKnownFileType = folder.assetcatalog; path = Assets.xcassets; sourceTree = "<group>"; };
		0E4B445E2C2F00C300F4E0DD /* Base */ = {isa = PBXFileReference; lastKnownFileType = file.storyboard; name = Base; path = Base.lproj/LaunchScreen.storyboard; sourceTree = "<group>"; };
		0E4B44602C2F00C300F4E0DD /* Info.plist */ = {isa = PBXFileReference; lastKnownFileType = text.plist.xml; path = Info.plist; sourceTree = "<group>"; };
		0ED378F52C2F045C00D05B0A /* SplashScreenViewModel.swift */ = {isa = PBXFileReference; lastKnownFileType = sourcecode.swift; path = SplashScreenViewModel.swift; sourceTree = "<group>"; };
		0ED378FA2C2F063200D05B0A /* InitialViewController.swift */ = {isa = PBXFileReference; lastKnownFileType = sourcecode.swift; path = InitialViewController.swift; sourceTree = "<group>"; };
		0ED379012C2F0BBE00D05B0A /* InitialScreenViewModel.swift */ = {isa = PBXFileReference; lastKnownFileType = sourcecode.swift; path = InitialScreenViewModel.swift; sourceTree = "<group>"; };
		0ED379032C2F0BE400D05B0A /* InitialScreenModel.swift */ = {isa = PBXFileReference; lastKnownFileType = sourcecode.swift; path = InitialScreenModel.swift; sourceTree = "<group>"; };
		6EC863E92C5B639F0092E35A /* MovieTableViewCell.swift */ = {isa = PBXFileReference; lastKnownFileType = sourcecode.swift; path = MovieTableViewCell.swift; sourceTree = "<group>"; };
		6EC863EA2C5B639F0092E35A /* MovieTableViewCell.xib */ = {isa = PBXFileReference; lastKnownFileType = file.xib; path = MovieTableViewCell.xib; sourceTree = "<group>"; };
		6EC863ED2C5B69590092E35A /* MovieDetailViewController.swift */ = {isa = PBXFileReference; lastKnownFileType = sourcecode.swift; path = MovieDetailViewController.swift; sourceTree = "<group>"; };
		6EC863EF2C5B6FD80092E35A /* MovieCollectionViewCell.swift */ = {isa = PBXFileReference; lastKnownFileType = sourcecode.swift; path = MovieCollectionViewCell.swift; sourceTree = "<group>"; };
		6EC863F02C5B6FD80092E35A /* MovieCollectionViewCell.xib */ = {isa = PBXFileReference; lastKnownFileType = file.xib; path = MovieCollectionViewCell.xib; sourceTree = "<group>"; };
/* End PBXFileReference section */

/* Begin PBXFrameworksBuildPhase section */
		0E4B444C2C2F00BF00F4E0DD /* Frameworks */ = {
			isa = PBXFrameworksBuildPhase;
			buildActionMask = 2147483647;
			files = (
			);
			runOnlyForDeploymentPostprocessing = 0;
		};
/* End PBXFrameworksBuildPhase section */

/* Begin PBXGroup section */
		0E4B44462C2F00BF00F4E0DD = {
			isa = PBXGroup;
			children = (
				0E4B44512C2F00BF00F4E0DD /* WisdomLeafAssignment */,
				0E4B44502C2F00BF00F4E0DD /* Products */,
			);
			sourceTree = "<group>";
		};
		0E4B44502C2F00BF00F4E0DD /* Products */ = {
			isa = PBXGroup;
			children = (
				0E4B444F2C2F00BF00F4E0DD /* WisdomLeafAssignment.app */,
			);
			name = Products;
			sourceTree = "<group>";
		};
		0E4B44512C2F00BF00F4E0DD /* WisdomLeafAssignment */ = {
			isa = PBXGroup;
			children = (
				0EB3695C2C352B2000F27337 /* Application */,
				0EB3695B2C352B0D00F27337 /* StoryBoards */,
				0ED378F72C2F05B700D05B0A /* InitialScreen */,
				0ED378F42C2F043700D05B0A /* SplashScreen */,
				0E4B445B2C2F00C300F4E0DD /* Assets.xcassets */,
				0E4B445D2C2F00C300F4E0DD /* LaunchScreen.storyboard */,
				0E4B44602C2F00C300F4E0DD /* Info.plist */,
			);
			path = WisdomLeafAssignment;
			sourceTree = "<group>";
		};
		0EB3695B2C352B0D00F27337 /* StoryBoards */ = {
			isa = PBXGroup;
			children = (
				0E4B44582C2F00BF00F4E0DD /* Main.storyboard */,
			);
			path = StoryBoards;
			sourceTree = "<group>";
		};
		0EB3695C2C352B2000F27337 /* Application */ = {
			isa = PBXGroup;
			children = (
				0E4B44522C2F00BF00F4E0DD /* AppDelegate.swift */,
				0E4B44542C2F00BF00F4E0DD /* SceneDelegate.swift */,
			);
			path = Application;
			sourceTree = "<group>";
		};
		0ED378F42C2F043700D05B0A /* SplashScreen */ = {
			isa = PBXGroup;
			children = (
				0ED379002C2F0AAB00D05B0A /* View */,
				0ED378FF2C2F0A9E00D05B0A /* ViewModel */,
			);
			path = SplashScreen;
			sourceTree = "<group>";
		};
		0ED378F72C2F05B700D05B0A /* InitialScreen */ = {
			isa = PBXGroup;
			children = (
				0ED378FD2C2F0A5E00D05B0A /* ViewModel */,
				0ED378FE2C2F0A7100D05B0A /* View */,
				0ED378FC2C2F0A4E00D05B0A /* Model */,
			);
			path = InitialScreen;
			sourceTree = "<group>";
		};
		0ED378FC2C2F0A4E00D05B0A /* Model */ = {
			isa = PBXGroup;
			children = (
				0ED379032C2F0BE400D05B0A /* InitialScreenModel.swift */,
			);
			path = Model;
			sourceTree = "<group>";
		};
		0ED378FD2C2F0A5E00D05B0A /* ViewModel */ = {
			isa = PBXGroup;
			children = (
				0ED379012C2F0BBE00D05B0A /* InitialScreenViewModel.swift */,
			);
			path = ViewModel;
			sourceTree = "<group>";
		};
		0ED378FE2C2F0A7100D05B0A /* View */ = {
			isa = PBXGroup;
			children = (
				0ED378FA2C2F063200D05B0A /* InitialViewController.swift */,
				6EC863ED2C5B69590092E35A /* MovieDetailViewController.swift */,
				0ED379052C2F0DB500D05B0A /* cells */,
			);
			path = View;
			sourceTree = "<group>";
		};
		0ED378FF2C2F0A9E00D05B0A /* ViewModel */ = {
			isa = PBXGroup;
			children = (
				0ED378F52C2F045C00D05B0A /* SplashScreenViewModel.swift */,
			);
			path = ViewModel;
			sourceTree = "<group>";
		};
		0ED379002C2F0AAB00D05B0A /* View */ = {
			isa = PBXGroup;
			children = (
				0E4B44562C2F00BF00F4E0DD /* SplashScreenViewController.swift */,
			);
			path = View;
			sourceTree = "<group>";
		};
		0ED379052C2F0DB500D05B0A /* cells */ = {
			isa = PBXGroup;
			children = (
				6EC863E92C5B639F0092E35A /* MovieTableViewCell.swift */,
				6EC863EA2C5B639F0092E35A /* MovieTableViewCell.xib */,
				6EC863EF2C5B6FD80092E35A /* MovieCollectionViewCell.swift */,
				6EC863F02C5B6FD80092E35A /* MovieCollectionViewCell.xib */,
			);
			path = cells;
			sourceTree = "<group>";
		};
/* End PBXGroup section */

/* Begin PBXNativeTarget section */
		0E4B444E2C2F00BF00F4E0DD /* WisdomLeafAssignment */ = {
			isa = PBXNativeTarget;
			buildConfigurationList = 0E4B44632C2F00C300F4E0DD /* Build configuration list for PBXNativeTarget "WisdomLeafAssignment" */;
			buildPhases = (
				0E4B444B2C2F00BF00F4E0DD /* Sources */,
				0E4B444C2C2F00BF00F4E0DD /* Frameworks */,
				0E4B444D2C2F00BF00F4E0DD /* Resources */,
			);
			buildRules = (
			);
			dependencies = (
			);
			name = WisdomLeafAssignment;
			productName = WisdomLeafAssignment;
			productReference = 0E4B444F2C2F00BF00F4E0DD /* WisdomLeafAssignment.app */;
			productType = "com.apple.product-type.application";
		};
/* End PBXNativeTarget section */

/* Begin PBXProject section */
		0E4B44472C2F00BF00F4E0DD /* Project object */ = {
			isa = PBXProject;
			attributes = {
				BuildIndependentTargetsInParallel = 1;
				LastSwiftUpdateCheck = 1520;
				LastUpgradeCheck = 1520;
				TargetAttributes = {
					0E4B444E2C2F00BF00F4E0DD = {
						CreatedOnToolsVersion = 15.2;
					};
				};
			};
			buildConfigurationList = 0E4B444A2C2F00BF00F4E0DD /* Build configuration list for PBXProject "WisdomLeafAssignment" */;
			compatibilityVersion = "Xcode 14.0";
			developmentRegion = en;
			hasScannedForEncodings = 0;
			knownRegions = (
				en,
				Base,
			);
			mainGroup = 0E4B44462C2F00BF00F4E0DD;
			productRefGroup = 0E4B44502C2F00BF00F4E0DD /* Products */;
			projectDirPath = "";
			projectRoot = "";
			targets = (
				0E4B444E2C2F00BF00F4E0DD /* WisdomLeafAssignment */,
			);
		};
/* End PBXProject section */

/* Begin PBXResourcesBuildPhase section */
		0E4B444D2C2F00BF00F4E0DD /* Resources */ = {
			isa = PBXResourcesBuildPhase;
			buildActionMask = 2147483647;
			files = (
				6EC863F12C5B6FD80092E35A /* MovieCollectionViewCell.xib in Resources */,
				6EC863EB2C5B639F0092E35A /* MovieTableViewCell.xib in Resources */,
				0E4B445F2C2F00C300F4E0DD /* LaunchScreen.storyboard in Resources */,
				0E4B445C2C2F00C300F4E0DD /* Assets.xcassets in Resources */,
				0E4B445A2C2F00BF00F4E0DD /* Main.storyboard in Resources */,
			);
			runOnlyForDeploymentPostprocessing = 0;
		};
/* End PBXResourcesBuildPhase section */

/* Begin PBXSourcesBuildPhase section */
		0E4B444B2C2F00BF00F4E0DD /* Sources */ = {
			isa = PBXSourcesBuildPhase;
			buildActionMask = 2147483647;
			files = (
				0ED378FB2C2F063200D05B0A /* InitialViewController.swift in Sources */,
				0ED379022C2F0BBE00D05B0A /* InitialScreenViewModel.swift in Sources */,
				0ED379042C2F0BE400D05B0A /* InitialScreenModel.swift in Sources */,
				0E4B44572C2F00BF00F4E0DD /* SplashScreenViewController.swift in Sources */,
				0ED378F62C2F045C00D05B0A /* SplashScreenViewModel.swift in Sources */,
				0E4B44532C2F00BF00F4E0DD /* AppDelegate.swift in Sources */,
				6EC863EC2C5B639F0092E35A /* MovieTableViewCell.swift in Sources */,
				6EC863F22C5B6FD80092E35A /* MovieCollectionViewCell.swift in Sources */,
				6EC863EE2C5B69590092E35A /* MovieDetailViewController.swift in Sources */,
				0E4B44552C2F00BF00F4E0DD /* SceneDelegate.swift in Sources */,
			);
			runOnlyForDeploymentPostprocessing = 0;
		};
/* End PBXSourcesBuildPhase section */

/* Begin PBXVariantGroup section */
		0E4B44582C2F00BF00F4E0DD /* Main.storyboard */ = {
			isa = PBXVariantGroup;
			children = (
				0E4B44592C2F00BF00F4E0DD /* Base */,
			);
			name = Main.storyboard;
			sourceTree = "<group>";
		};
		0E4B445D2C2F00C300F4E0DD /* LaunchScreen.storyboard */ = {
			isa = PBXVariantGroup;
			children = (
				0E4B445E2C2F00C300F4E0DD /* Base */,
			);
			name = LaunchScreen.storyboard;
			sourceTree = "<group>";
		};
/* End PBXVariantGroup section */

/* Begin XCBuildConfiguration section */
		0E4B44612C2F00C300F4E0DD /* Debug */ = {
			isa = XCBuildConfiguration;
			buildSettings = {
				ALWAYS_SEARCH_USER_PATHS = NO;
				ASSETCATALOG_COMPILER_GENERATE_SWIFT_ASSET_SYMBOL_EXTENSIONS = YES;
				CLANG_ANALYZER_NONNULL = YES;
				CLANG_ANALYZER_NUMBER_OBJECT_CONVERSION = YES_AGGRESSIVE;
				CLANG_CXX_LANGUAGE_STANDARD = "gnu++20";
				CLANG_ENABLE_MODULES = YES;
				CLANG_ENABLE_OBJC_ARC = YES;
				CLANG_ENABLE_OBJC_WEAK = YES;
				CLANG_WARN_BLOCK_CAPTURE_AUTORELEASING = YES;
				CLANG_WARN_BOOL_CONVERSION = YES;
				CLANG_WARN_COMMA = YES;
				CLANG_WARN_CONSTANT_CONVERSION = YES;
				CLANG_WARN_DEPRECATED_OBJC_IMPLEMENTATIONS = YES;
				CLANG_WARN_DIRECT_OBJC_ISA_USAGE = YES_ERROR;
				CLANG_WARN_DOCUMENTATION_COMMENTS = YES;
				CLANG_WARN_EMPTY_BODY = YES;
				CLANG_WARN_ENUM_CONVERSION = YES;
				CLANG_WARN_INFINITE_RECURSION = YES;
				CLANG_WARN_INT_CONVERSION = YES;
				CLANG_WARN_NON_LITERAL_NULL_CONVERSION = YES;
				CLANG_WARN_OBJC_IMPLICIT_RETAIN_SELF = YES;
				CLANG_WARN_OBJC_LITERAL_CONVERSION = YES;
				CLANG_WARN_OBJC_ROOT_CLASS = YES_ERROR;
				CLANG_WARN_QUOTED_INCLUDE_IN_FRAMEWORK_HEADER = YES;
				CLANG_WARN_RANGE_LOOP_ANALYSIS = YES;
				CLANG_WARN_STRICT_PROTOTYPES = YES;
				CLANG_WARN_SUSPICIOUS_MOVE = YES;
				CLANG_WARN_UNGUARDED_AVAILABILITY = YES_AGGRESSIVE;
				CLANG_WARN_UNREACHABLE_CODE = YES;
				CLANG_WARN__DUPLICATE_METHOD_MATCH = YES;
				COPY_PHASE_STRIP = NO;
				DEBUG_INFORMATION_FORMAT = dwarf;
				ENABLE_STRICT_OBJC_MSGSEND = YES;
				ENABLE_TESTABILITY = YES;
				ENABLE_USER_SCRIPT_SANDBOXING = YES;
				GCC_C_LANGUAGE_STANDARD = gnu17;
				GCC_DYNAMIC_NO_PIC = NO;
				GCC_NO_COMMON_BLOCKS = YES;
				GCC_OPTIMIZATION_LEVEL = 0;
				GCC_PREPROCESSOR_DEFINITIONS = (
					"DEBUG=1",
					"$(inherited)",
				);
				GCC_WARN_64_TO_32_BIT_CONVERSION = YES;
				GCC_WARN_ABOUT_RETURN_TYPE = YES_ERROR;
				GCC_WARN_UNDECLARED_SELECTOR = YES;
				GCC_WARN_UNINITIALIZED_AUTOS = YES_AGGRESSIVE;
				GCC_WARN_UNUSED_FUNCTION = YES;
				GCC_WARN_UNUSED_VARIABLE = YES;
				IPHONEOS_DEPLOYMENT_TARGET = 13.0;
				LOCALIZATION_PREFERS_STRING_CATALOGS = YES;
				MTL_ENABLE_DEBUG_INFO = INCLUDE_SOURCE;
				MTL_FAST_MATH = YES;
				ONLY_ACTIVE_ARCH = YES;
				SDKROOT = iphoneos;
				SWIFT_ACTIVE_COMPILATION_CONDITIONS = "DEBUG $(inherited)";
				SWIFT_OPTIMIZATION_LEVEL = "-Onone";
			};
			name = Debug;
		};
		0E4B44622C2F00C300F4E0DD /* Release */ = {
			isa = XCBuildConfiguration;
			buildSettings = {
				ALWAYS_SEARCH_USER_PATHS = NO;
				ASSETCATALOG_COMPILER_GENERATE_SWIFT_ASSET_SYMBOL_EXTENSIONS = YES;
				CLANG_ANALYZER_NONNULL = YES;
				CLANG_ANALYZER_NUMBER_OBJECT_CONVERSION = YES_AGGRESSIVE;
				CLANG_CXX_LANGUAGE_STANDARD = "gnu++20";
				CLANG_ENABLE_MODULES = YES;
				CLANG_ENABLE_OBJC_ARC = YES;
				CLANG_ENABLE_OBJC_WEAK = YES;
				CLANG_WARN_BLOCK_CAPTURE_AUTORELEASING = YES;
				CLANG_WARN_BOOL_CONVERSION = YES;
				CLANG_WARN_COMMA = YES;
				CLANG_WARN_CONSTANT_CONVERSION = YES;
				CLANG_WARN_DEPRECATED_OBJC_IMPLEMENTATIONS = YES;
				CLANG_WARN_DIRECT_OBJC_ISA_USAGE = YES_ERROR;
				CLANG_WARN_DOCUMENTATION_COMMENTS = YES;
				CLANG_WARN_EMPTY_BODY = YES;
				CLANG_WARN_ENUM_CONVERSION = YES;
				CLANG_WARN_INFINITE_RECURSION = YES;
				CLANG_WARN_INT_CONVERSION = YES;
				CLANG_WARN_NON_LITERAL_NULL_CONVERSION = YES;
				CLANG_WARN_OBJC_IMPLICIT_RETAIN_SELF = YES;
				CLANG_WARN_OBJC_LITERAL_CONVERSION = YES;
				CLANG_WARN_OBJC_ROOT_CLASS = YES_ERROR;
				CLANG_WARN_QUOTED_INCLUDE_IN_FRAMEWORK_HEADER = YES;
				CLANG_WARN_RANGE_LOOP_ANALYSIS = YES;
				CLANG_WARN_STRICT_PROTOTYPES = YES;
				CLANG_WARN_SUSPICIOUS_MOVE = YES;
				CLANG_WARN_UNGUARDED_AVAILABILITY = YES_AGGRESSIVE;
				CLANG_WARN_UNREACHABLE_CODE = YES;
				CLANG_WARN__DUPLICATE_METHOD_MATCH = YES;
				COPY_PHASE_STRIP = NO;
				DEBUG_INFORMATION_FORMAT = "dwarf-with-dsym";
				ENABLE_NS_ASSERTIONS = NO;
				ENABLE_STRICT_OBJC_MSGSEND = YES;
				ENABLE_USER_SCRIPT_SANDBOXING = YES;
				GCC_C_LANGUAGE_STANDARD = gnu17;
				GCC_NO_COMMON_BLOCKS = YES;
				GCC_WARN_64_TO_32_BIT_CONVERSION = YES;
				GCC_WARN_ABOUT_RETURN_TYPE = YES_ERROR;
				GCC_WARN_UNDECLARED_SELECTOR = YES;
				GCC_WARN_UNINITIALIZED_AUTOS = YES_AGGRESSIVE;
				GCC_WARN_UNUSED_FUNCTION = YES;
				GCC_WARN_UNUSED_VARIABLE = YES;
				IPHONEOS_DEPLOYMENT_TARGET = 13.0;
				LOCALIZATION_PREFERS_STRING_CATALOGS = YES;
				MTL_ENABLE_DEBUG_INFO = NO;
				MTL_FAST_MATH = YES;
				SDKROOT = iphoneos;
				SWIFT_COMPILATION_MODE = wholemodule;
				VALIDATE_PRODUCT = YES;
			};
			name = Release;
		};
		0E4B44642C2F00C300F4E0DD /* Debug */ = {
			isa = XCBuildConfiguration;
			buildSettings = {
				ASSETCATALOG_COMPILER_APPICON_NAME = AppIcon;
				ASSETCATALOG_COMPILER_GLOBAL_ACCENT_COLOR_NAME = AccentColor;
				CODE_SIGN_STYLE = Automatic;
				CURRENT_PROJECT_VERSION = 1;
				DEVELOPMENT_TEAM = 4LHNY2FHRA;
				GENERATE_INFOPLIST_FILE = YES;
				INFOPLIST_FILE = WisdomLeafAssignment/Info.plist;
				INFOPLIST_KEY_UIApplicationSupportsIndirectInputEvents = YES;
				INFOPLIST_KEY_UILaunchStoryboardName = LaunchScreen;
				INFOPLIST_KEY_UIMainStoryboardFile = Main;
				INFOPLIST_KEY_UISupportedInterfaceOrientations_iPad = "UIInterfaceOrientationPortrait UIInterfaceOrientationPortraitUpsideDown UIInterfaceOrientationLandscapeLeft UIInterfaceOrientationLandscapeRight";
				INFOPLIST_KEY_UISupportedInterfaceOrientations_iPhone = "UIInterfaceOrientationPortrait UIInterfaceOrientationLandscapeLeft UIInterfaceOrientationLandscapeRight";
				IPHONEOS_DEPLOYMENT_TARGET = 13.0;
				LD_RUNPATH_SEARCH_PATHS = (
					"$(inherited)",
					"@executable_path/Frameworks",
				);
				MARKETING_VERSION = 1.0;
				PRODUCT_BUNDLE_IDENTIFIER = Shubham.WisdomLeafAssignment;
				PRODUCT_NAME = "$(TARGET_NAME)";
				SWIFT_EMIT_LOC_STRINGS = YES;
				SWIFT_VERSION = 5.0;
				TARGETED_DEVICE_FAMILY = "1,2";
			};
			name = Debug;
		};
		0E4B44652C2F00C300F4E0DD /* Release */ = {
			isa = XCBuildConfiguration;
			buildSettings = {
				ASSETCATALOG_COMPILER_APPICON_NAME = AppIcon;
				ASSETCATALOG_COMPILER_GLOBAL_ACCENT_COLOR_NAME = AccentColor;
				CODE_SIGN_STYLE = Automatic;
				CURRENT_PROJECT_VERSION = 1;
				DEVELOPMENT_TEAM = 4LHNY2FHRA;
				GENERATE_INFOPLIST_FILE = YES;
				INFOPLIST_FILE = WisdomLeafAssignment/Info.plist;
				INFOPLIST_KEY_UIApplicationSupportsIndirectInputEvents = YES;
				INFOPLIST_KEY_UILaunchStoryboardName = LaunchScreen;
				INFOPLIST_KEY_UIMainStoryboardFile = Main;
				INFOPLIST_KEY_UISupportedInterfaceOrientations_iPad = "UIInterfaceOrientationPortrait UIInterfaceOrientationPortraitUpsideDown UIInterfaceOrientationLandscapeLeft UIInterfaceOrientationLandscapeRight";
				INFOPLIST_KEY_UISupportedInterfaceOrientations_iPhone = "UIInterfaceOrientationPortrait UIInterfaceOrientationLandscapeLeft UIInterfaceOrientationLandscapeRight";
				IPHONEOS_DEPLOYMENT_TARGET = 13.0;
				LD_RUNPATH_SEARCH_PATHS = (
					"$(inherited)",
					"@executable_path/Frameworks",
				);
				MARKETING_VERSION = 1.0;
				PRODUCT_BUNDLE_IDENTIFIER = Shubham.WisdomLeafAssignment;
				PRODUCT_NAME = "$(TARGET_NAME)";
				SWIFT_EMIT_LOC_STRINGS = YES;
				SWIFT_VERSION = 5.0;
				TARGETED_DEVICE_FAMILY = "1,2";
			};
			name = Release;
		};
/* End XCBuildConfiguration section */

/* Begin XCConfigurationList section */
		0E4B444A2C2F00BF00F4E0DD /* Build configuration list for PBXProject "WisdomLeafAssignment" */ = {
			isa = XCConfigurationList;
			buildConfigurations = (
				0E4B44612C2F00C300F4E0DD /* Debug */,
				0E4B44622C2F00C300F4E0DD /* Release */,
			);
			defaultConfigurationIsVisible = 0;
			defaultConfigurationName = Release;
		};
		0E4B44632C2F00C300F4E0DD /* Build configuration list for PBXNativeTarget "WisdomLeafAssignment" */ = {
			isa = XCConfigurationList;
			buildConfigurations = (
				0E4B44642C2F00C300F4E0DD /* Debug */,
				0E4B44652C2F00C300F4E0DD /* Release */,
			);
			defaultConfigurationIsVisible = 0;
			defaultConfigurationName = Release;
		};
/* End XCConfigurationList section */
	};
	rootObject = 0E4B44472C2F00BF00F4E0DD /* Project object */;
}
